// !$*UTF8*$!
{
	archiveVersion = 1;
	classes = {
	};
	objectVersion = 50;
	objects = {

/* Begin PBXBuildFile section */
		A922C955256C6E1100235835 /* SessionGoing+CoreDataClass.swift in Sources */ = {isa = PBXBuildFile; fileRef = A922C953256C6E1100235835 /* SessionGoing+CoreDataClass.swift */; };
		A922C956256C6E1100235835 /* SessionGoing+CoreDataProperties.swift in Sources */ = {isa = PBXBuildFile; fileRef = A922C954256C6E1100235835 /* SessionGoing+CoreDataProperties.swift */; };
		A93BE2D2256A3CE3002AF675 /* AppDelegate.swift in Sources */ = {isa = PBXBuildFile; fileRef = A93BE2D1256A3CE3002AF675 /* AppDelegate.swift */; };
		A93BE2D4256A3CE3002AF675 /* SceneDelegate.swift in Sources */ = {isa = PBXBuildFile; fileRef = A93BE2D3256A3CE3002AF675 /* SceneDelegate.swift */; };
		A93BE2D6256A3CE3002AF675 /* ViewController.swift in Sources */ = {isa = PBXBuildFile; fileRef = A93BE2D5256A3CE3002AF675 /* ViewController.swift */; };
		A93BE2D9256A3CE3002AF675 /* Main.storyboard in Resources */ = {isa = PBXBuildFile; fileRef = A93BE2D7256A3CE3002AF675 /* Main.storyboard */; };
		A93BE2DC256A3CE3002AF675 /* ComplicatedDataStack.xcdatamodeld in Sources */ = {isa = PBXBuildFile; fileRef = A93BE2DA256A3CE3002AF675 /* ComplicatedDataStack.xcdatamodeld */; };
		A93BE2DE256A3CE5002AF675 /* Assets.xcassets in Resources */ = {isa = PBXBuildFile; fileRef = A93BE2DD256A3CE5002AF675 /* Assets.xcassets */; };
		A93BE2E1256A3CE5002AF675 /* LaunchScreen.storyboard in Resources */ = {isa = PBXBuildFile; fileRef = A93BE2DF256A3CE5002AF675 /* LaunchScreen.storyboard */; };
		A93BE2EB256A3F01002AF675 /* Session+CoreDataClass.swift in Sources */ = {isa = PBXBuildFile; fileRef = A93BE2E9256A3F01002AF675 /* Session+CoreDataClass.swift */; };
		A93BE2EC256A3F01002AF675 /* Session+CoreDataProperties.swift in Sources */ = {isa = PBXBuildFile; fileRef = A93BE2EA256A3F01002AF675 /* Session+CoreDataProperties.swift */; };
		A9945B63256A60D100E03762 /* DataSource.swift in Sources */ = {isa = PBXBuildFile; fileRef = A9945B62256A60D100E03762 /* DataSource.swift */; };
/* End PBXBuildFile section */

/* Begin PBXFileReference section */
		A922C953256C6E1100235835 /* SessionGoing+CoreDataClass.swift */ = {isa = PBXFileReference; lastKnownFileType = sourcecode.swift; path = "SessionGoing+CoreDataClass.swift"; sourceTree = "<group>"; };
		A922C954256C6E1100235835 /* SessionGoing+CoreDataProperties.swift */ = {isa = PBXFileReference; lastKnownFileType = sourcecode.swift; path = "SessionGoing+CoreDataProperties.swift"; sourceTree = "<group>"; };
		A93BE2CE256A3CE3002AF675 /* ComplicatedDataStack.app */ = {isa = PBXFileReference; explicitFileType = wrapper.application; includeInIndex = 0; path = ComplicatedDataStack.app; sourceTree = BUILT_PRODUCTS_DIR; };
		A93BE2D1256A3CE3002AF675 /* AppDelegate.swift */ = {isa = PBXFileReference; lastKnownFileType = sourcecode.swift; path = AppDelegate.swift; sourceTree = "<group>"; };
		A93BE2D3256A3CE3002AF675 /* SceneDelegate.swift */ = {isa = PBXFileReference; lastKnownFileType = sourcecode.swift; path = SceneDelegate.swift; sourceTree = "<group>"; };
		A93BE2D5256A3CE3002AF675 /* ViewController.swift */ = {isa = PBXFileReference; lastKnownFileType = sourcecode.swift; path = ViewController.swift; sourceTree = "<group>"; };
		A93BE2D8256A3CE3002AF675 /* Base */ = {isa = PBXFileReference; lastKnownFileType = file.storyboard; name = Base; path = Base.lproj/Main.storyboard; sourceTree = "<group>"; };
		A93BE2DB256A3CE3002AF675 /* ComplicatedDataStack.xcdatamodel */ = {isa = PBXFileReference; lastKnownFileType = wrapper.xcdatamodel; path = ComplicatedDataStack.xcdatamodel; sourceTree = "<group>"; };
		A93BE2DD256A3CE5002AF675 /* Assets.xcassets */ = {isa = PBXFileReference; lastKnownFileType = folder.assetcatalog; path = Assets.xcassets; sourceTree = "<group>"; };
		A93BE2E0256A3CE5002AF675 /* Base */ = {isa = PBXFileReference; lastKnownFileType = file.storyboard; name = Base; path = Base.lproj/LaunchScreen.storyboard; sourceTree = "<group>"; };
		A93BE2E2256A3CE5002AF675 /* Info.plist */ = {isa = PBXFileReference; lastKnownFileType = text.plist.xml; path = Info.plist; sourceTree = "<group>"; };
		A93BE2E9256A3F01002AF675 /* Session+CoreDataClass.swift */ = {isa = PBXFileReference; lastKnownFileType = sourcecode.swift; path = "Session+CoreDataClass.swift"; sourceTree = "<group>"; };
		A93BE2EA256A3F01002AF675 /* Session+CoreDataProperties.swift */ = {isa = PBXFileReference; lastKnownFileType = sourcecode.swift; path = "Session+CoreDataProperties.swift"; sourceTree = "<group>"; };
		A9945B62256A60D100E03762 /* DataSource.swift */ = {isa = PBXFileReference; lastKnownFileType = sourcecode.swift; path = DataSource.swift; sourceTree = "<group>"; };
/* End PBXFileReference section */

/* Begin PBXFrameworksBuildPhase section */
		A93BE2CB256A3CE3002AF675 /* Frameworks */ = {
			isa = PBXFrameworksBuildPhase;
			buildActionMask = 2147483647;
			files = (
			);
			runOnlyForDeploymentPostprocessing = 0;
		};
/* End PBXFrameworksBuildPhase section */

/* Begin PBXGroup section */
		A93BE2C5256A3CE3002AF675 = {
			isa = PBXGroup;
			children = (
				A93BE2D0256A3CE3002AF675 /* ComplicatedDataStack */,
				A93BE2CF256A3CE3002AF675 /* Products */,
			);
			sourceTree = "<group>";
		};
		A93BE2CF256A3CE3002AF675 /* Products */ = {
			isa = PBXGroup;
			children = (
				A93BE2CE256A3CE3002AF675 /* ComplicatedDataStack.app */,
			);
			name = Products;
			sourceTree = "<group>";
		};
		A93BE2D0256A3CE3002AF675 /* ComplicatedDataStack */ = {
			isa = PBXGroup;
			children = (
				A93BE2D1256A3CE3002AF675 /* AppDelegate.swift */,
				A93BE2D3256A3CE3002AF675 /* SceneDelegate.swift */,
				A93BE2D5256A3CE3002AF675 /* ViewController.swift */,
				A93BE2D7256A3CE3002AF675 /* Main.storyboard */,
				A93BE2DD256A3CE5002AF675 /* Assets.xcassets */,
				A93BE2DF256A3CE5002AF675 /* LaunchScreen.storyboard */,
				A93BE2E2256A3CE5002AF675 /* Info.plist */,
				A93BE2DA256A3CE3002AF675 /* ComplicatedDataStack.xcdatamodeld */,
				A93BE2E9256A3F01002AF675 /* Session+CoreDataClass.swift */,
				A93BE2EA256A3F01002AF675 /* Session+CoreDataProperties.swift */,
				A922C953256C6E1100235835 /* SessionGoing+CoreDataClass.swift */,
				A922C954256C6E1100235835 /* SessionGoing+CoreDataProperties.swift */,
				A9945B62256A60D100E03762 /* DataSource.swift */,
			);
			path = ComplicatedDataStack;
			sourceTree = "<group>";
		};
/* End PBXGroup section */

/* Begin PBXNativeTarget section */
		A93BE2CD256A3CE3002AF675 /* ComplicatedDataStack */ = {
			isa = PBXNativeTarget;
			buildConfigurationList = A93BE2E5256A3CE5002AF675 /* Build configuration list for PBXNativeTarget "ComplicatedDataStack" */;
			buildPhases = (
				A93BE2CA256A3CE3002AF675 /* Sources */,
				A93BE2CB256A3CE3002AF675 /* Frameworks */,
				A93BE2CC256A3CE3002AF675 /* Resources */,
			);
			buildRules = (
			);
			dependencies = (
			);
			name = ComplicatedDataStack;
			productName = ComplicatedDataStack;
			productReference = A93BE2CE256A3CE3002AF675 /* ComplicatedDataStack.app */;
			productType = "com.apple.product-type.application";
		};
/* End PBXNativeTarget section */

/* Begin PBXProject section */
		A93BE2C6256A3CE3002AF675 /* Project object */ = {
			isa = PBXProject;
			attributes = {
				LastSwiftUpdateCheck = 1220;
				LastUpgradeCheck = 1220;
				TargetAttributes = {
					A93BE2CD256A3CE3002AF675 = {
						CreatedOnToolsVersion = 12.2;
					};
				};
			};
			buildConfigurationList = A93BE2C9256A3CE3002AF675 /* Build configuration list for PBXProject "ComplicatedDataStack" */;
			compatibilityVersion = "Xcode 9.3";
			developmentRegion = en;
			hasScannedForEncodings = 0;
			knownRegions = (
				en,
				Base,
			);
			mainGroup = A93BE2C5256A3CE3002AF675;
			productRefGroup = A93BE2CF256A3CE3002AF675 /* Products */;
			projectDirPath = "";
			projectRoot = "";
			targets = (
				A93BE2CD256A3CE3002AF675 /* ComplicatedDataStack */,
			);
		};
/* End PBXProject section */

/* Begin PBXResourcesBuildPhase section */
		A93BE2CC256A3CE3002AF675 /* Resources */ = {
			isa = PBXResourcesBuildPhase;
			buildActionMask = 2147483647;
			files = (
				A93BE2E1256A3CE5002AF675 /* LaunchScreen.storyboard in Resources */,
				A93BE2DE256A3CE5002AF675 /* Assets.xcassets in Resources */,
				A93BE2D9256A3CE3002AF675 /* Main.storyboard in Resources */,
			);
			runOnlyForDeploymentPostprocessing = 0;
		};
/* End PBXResourcesBuildPhase section */

/* Begin PBXSourcesBuildPhase section */
		A93BE2CA256A3CE3002AF675 /* Sources */ = {
			isa = PBXSourcesBuildPhase;
			buildActionMask = 2147483647;
			files = (
				A9945B63256A60D100E03762 /* DataSource.swift in Sources */,
				A93BE2EC256A3F01002AF675 /* Session+CoreDataProperties.swift in Sources */,
				A93BE2D6256A3CE3002AF675 /* ViewController.swift in Sources */,
				A93BE2D2256A3CE3002AF675 /* AppDelegate.swift in Sources */,
				A922C956256C6E1100235835 /* SessionGoing+CoreDataProperties.swift in Sources */,
				A93BE2DC256A3CE3002AF675 /* ComplicatedDataStack.xcdatamodeld in Sources */,
				A93BE2EB256A3F01002AF675 /* Session+CoreDataClass.swift in Sources */,
				A922C955256C6E1100235835 /* SessionGoing+CoreDataClass.swift in Sources */,
				A93BE2D4256A3CE3002AF675 /* SceneDelegate.swift in Sources */,
			);
			runOnlyForDeploymentPostprocessing = 0;
		};
/* End PBXSourcesBuildPhase section */

/* Begin PBXVariantGroup section */
		A93BE2D7256A3CE3002AF675 /* Main.storyboard */ = {
			isa = PBXVariantGroup;
			children = (
				A93BE2D8256A3CE3002AF675 /* Base */,
			);
			name = Main.storyboard;
			sourceTree = "<group>";
		};
		A93BE2DF256A3CE5002AF675 /* LaunchScreen.storyboard */ = {
			isa = PBXVariantGroup;
			children = (
				A93BE2E0256A3CE5002AF675 /* Base */,
			);
			name = LaunchScreen.storyboard;
			sourceTree = "<group>";
		};
/* End PBXVariantGroup section */

/* Begin XCBuildConfiguration section */
		A93BE2E3256A3CE5002AF675 /* Debug */ = {
			isa = XCBuildConfiguration;
			buildSettings = {
				ALWAYS_SEARCH_USER_PATHS = NO;
				CLANG_ANALYZER_NONNULL = YES;
				CLANG_ANALYZER_NUMBER_OBJECT_CONVERSION = YES_AGGRESSIVE;
				CLANG_CXX_LANGUAGE_STANDARD = "gnu++14";
				CLANG_CXX_LIBRARY = "libc++";
				CLANG_ENABLE_MODULES = YES;
				CLANG_ENABLE_OBJC_ARC = YES;
				CLANG_ENABLE_OBJC_WEAK = YES;
				CLANG_WARN_BLOCK_CAPTURE_AUTORELEASING = YES;
				CLANG_WARN_BOOL_CONVERSION = YES;
				CLANG_WARN_COMMA = YES;
				CLANG_WARN_CONSTANT_CONVERSION = YES;
				CLANG_WARN_DEPRECATED_OBJC_IMPLEMENTATIONS = YES;
				CLANG_WARN_DIRECT_OBJC_ISA_USAGE = YES_ERROR;
				CLANG_WARN_DOCUMENTATION_COMMENTS = YES;
				CLANG_WARN_EMPTY_BODY = YES;
				CLANG_WARN_ENUM_CONVERSION = YES;
				CLANG_WARN_INFINITE_RECURSION = YES;
				CLANG_WARN_INT_CONVERSION = YES;
				CLANG_WARN_NON_LITERAL_NULL_CONVERSION = YES;
				CLANG_WARN_OBJC_IMPLICIT_RETAIN_SELF = YES;
				CLANG_WARN_OBJC_LITERAL_CONVERSION = YES;
				CLANG_WARN_OBJC_ROOT_CLASS = YES_ERROR;
				CLANG_WARN_QUOTED_INCLUDE_IN_FRAMEWORK_HEADER = YES;
				CLANG_WARN_RANGE_LOOP_ANALYSIS = YES;
				CLANG_WARN_STRICT_PROTOTYPES = YES;
				CLANG_WARN_SUSPICIOUS_MOVE = YES;
				CLANG_WARN_UNGUARDED_AVAILABILITY = YES_AGGRESSIVE;
				CLANG_WARN_UNREACHABLE_CODE = YES;
				CLANG_WARN__DUPLICATE_METHOD_MATCH = YES;
				COPY_PHASE_STRIP = NO;
				DEBUG_INFORMATION_FORMAT = dwarf;
				ENABLE_STRICT_OBJC_MSGSEND = YES;
				ENABLE_TESTABILITY = YES;
				GCC_C_LANGUAGE_STANDARD = gnu11;
				GCC_DYNAMIC_NO_PIC = NO;
				GCC_NO_COMMON_BLOCKS = YES;
				GCC_OPTIMIZATION_LEVEL = 0;
				GCC_PREPROCESSOR_DEFINITIONS = (
					"DEBUG=1",
					"$(inherited)",
				);
				GCC_WARN_64_TO_32_BIT_CONVERSION = YES;
				GCC_WARN_ABOUT_RETURN_TYPE = YES_ERROR;
				GCC_WARN_UNDECLARED_SELECTOR = YES;
				GCC_WARN_UNINITIALIZED_AUTOS = YES_AGGRESSIVE;
				GCC_WARN_UNUSED_FUNCTION = YES;
				GCC_WARN_UNUSED_VARIABLE = YES;
				IPHONEOS_DEPLOYMENT_TARGET = 14.2;
				MTL_ENABLE_DEBUG_INFO = INCLUDE_SOURCE;
				MTL_FAST_MATH = YES;
				ONLY_ACTIVE_ARCH = YES;
				SDKROOT = iphoneos;
				SWIFT_ACTIVE_COMPILATION_CONDITIONS = DEBUG;
				SWIFT_OPTIMIZATION_LEVEL = "-Onone";
			};
			name = Debug;
		};
		A93BE2E4256A3CE5002AF675 /* Release */ = {
			isa = XCBuildConfiguration;
			buildSettings = {
				ALWAYS_SEARCH_USER_PATHS = NO;
				CLANG_ANALYZER_NONNULL = YES;
				CLANG_ANALYZER_NUMBER_OBJECT_CONVERSION = YES_AGGRESSIVE;
				CLANG_CXX_LANGUAGE_STANDARD = "gnu++14";
				CLANG_CXX_LIBRARY = "libc++";
				CLANG_ENABLE_MODULES = YES;
				CLANG_ENABLE_OBJC_ARC = YES;
				CLANG_ENABLE_OBJC_WEAK = YES;
				CLANG_WARN_BLOCK_CAPTURE_AUTORELEASING = YES;
				CLANG_WARN_BOOL_CONVERSION = YES;
				CLANG_WARN_COMMA = YES;
				CLANG_WARN_CONSTANT_CONVERSION = YES;
				CLANG_WARN_DEPRECATED_OBJC_IMPLEMENTATIONS = YES;
				CLANG_WARN_DIRECT_OBJC_ISA_USAGE = YES_ERROR;
				CLANG_WARN_DOCUMENTATION_COMMENTS = YES;
				CLANG_WARN_EMPTY_BODY = YES;
				CLANG_WARN_ENUM_CONVERSION = YES;
				CLANG_WARN_INFINITE_RECURSION = YES;
				CLANG_WARN_INT_CONVERSION = YES;
				CLANG_WARN_NON_LITERAL_NULL_CONVERSION = YES;
				CLANG_WARN_OBJC_IMPLICIT_RETAIN_SELF = YES;
				CLANG_WARN_OBJC_LITERAL_CONVERSION = YES;
				CLANG_WARN_OBJC_ROOT_CLASS = YES_ERROR;
				CLANG_WARN_QUOTED_INCLUDE_IN_FRAMEWORK_HEADER = YES;
				CLANG_WARN_RANGE_LOOP_ANALYSIS = YES;
				CLANG_WARN_STRICT_PROTOTYPES = YES;
				CLANG_WARN_SUSPICIOUS_MOVE = YES;
				CLANG_WARN_UNGUARDED_AVAILABILITY = YES_AGGRESSIVE;
				CLANG_WARN_UNREACHABLE_CODE = YES;
				CLANG_WARN__DUPLICATE_METHOD_MATCH = YES;
				COPY_PHASE_STRIP = NO;
				DEBUG_INFORMATION_FORMAT = "dwarf-with-dsym";
				ENABLE_NS_ASSERTIONS = NO;
				ENABLE_STRICT_OBJC_MSGSEND = YES;
				GCC_C_LANGUAGE_STANDARD = gnu11;
				GCC_NO_COMMON_BLOCKS = YES;
				GCC_WARN_64_TO_32_BIT_CONVERSION = YES;
				GCC_WARN_ABOUT_RETURN_TYPE = YES_ERROR;
				GCC_WARN_UNDECLARED_SELECTOR = YES;
				GCC_WARN_UNINITIALIZED_AUTOS = YES_AGGRESSIVE;
				GCC_WARN_UNUSED_FUNCTION = YES;
				GCC_WARN_UNUSED_VARIABLE = YES;
				IPHONEOS_DEPLOYMENT_TARGET = 14.2;
				MTL_ENABLE_DEBUG_INFO = NO;
				MTL_FAST_MATH = YES;
				SDKROOT = iphoneos;
				SWIFT_COMPILATION_MODE = wholemodule;
				SWIFT_OPTIMIZATION_LEVEL = "-O";
				VALIDATE_PRODUCT = YES;
			};
			name = Release;
		};
		A93BE2E6256A3CE5002AF675 /* Debug */ = {
			isa = XCBuildConfiguration;
			buildSettings = {
				ASSETCATALOG_COMPILER_APPICON_NAME = AppIcon;
				ASSETCATALOG_COMPILER_GLOBAL_ACCENT_COLOR_NAME = AccentColor;
				CODE_SIGN_STYLE = Automatic;
				INFOPLIST_FILE = ComplicatedDataStack/Info.plist;
				LD_RUNPATH_SEARCH_PATHS = (
					"$(inherited)",
					"@executable_path/Frameworks",
				);
				PRODUCT_BUNDLE_IDENTIFIER = com.sched.ComplicatedDataStack;
				PRODUCT_NAME = "$(TARGET_NAME)";
				SWIFT_VERSION = 5.0;
				TARGETED_DEVICE_FAMILY = "1,2";
			};
			name = Debug;
		};
		A93BE2E7256A3CE5002AF675 /* Release */ = {
			isa = XCBuildConfiguration;
			buildSettings = {
				ASSETCATALOG_COMPILER_APPICON_NAME = AppIcon;
				ASSETCATALOG_COMPILER_GLOBAL_ACCENT_COLOR_NAME = AccentColor;
				CODE_SIGN_STYLE = Automatic;
				INFOPLIST_FILE = ComplicatedDataStack/Info.plist;
				LD_RUNPATH_SEARCH_PATHS = (
					"$(inherited)",
					"@executable_path/Frameworks",
				);
				PRODUCT_BUNDLE_IDENTIFIER = com.sched.ComplicatedDataStack;
				PRODUCT_NAME = "$(TARGET_NAME)";
				SWIFT_VERSION = 5.0;
				TARGETED_DEVICE_FAMILY = "1,2";
			};
			name = Release;
		};
/* End XCBuildConfiguration section */

/* Begin XCConfigurationList section */
		A93BE2C9256A3CE3002AF675 /* Build configuration list for PBXProject "ComplicatedDataStack" */ = {
			isa = XCConfigurationList;
			buildConfigurations = (
				A93BE2E3256A3CE5002AF675 /* Debug */,
				A93BE2E4256A3CE5002AF675 /* Release */,
			);
			defaultConfigurationIsVisible = 0;
			defaultConfigurationName = Release;
		};
		A93BE2E5256A3CE5002AF675 /* Build configuration list for PBXNativeTarget "ComplicatedDataStack" */ = {
			isa = XCConfigurationList;
			buildConfigurations = (
				A93BE2E6256A3CE5002AF675 /* Debug */,
				A93BE2E7256A3CE5002AF675 /* Release */,
			);
			defaultConfigurationIsVisible = 0;
			defaultConfigurationName = Release;
		};
/* End XCConfigurationList section */

/* Begin XCVersionGroup section */
		A93BE2DA256A3CE3002AF675 /* ComplicatedDataStack.xcdatamodeld */ = {
			isa = XCVersionGroup;
			children = (
				A93BE2DB256A3CE3002AF675 /* ComplicatedDataStack.xcdatamodel */,
			);
			currentVersion = A93BE2DB256A3CE3002AF675 /* ComplicatedDataStack.xcdatamodel */;
			path = ComplicatedDataStack.xcdatamodeld;
			sourceTree = "<group>";
			versionGroupType = wrapper.xcdatamodel;
		};
/* End XCVersionGroup section */
	};
	rootObject = A93BE2C6256A3CE3002AF675 /* Project object */;
}
